
Microsoft Visual Studio Solution File, Format Version 12.00
# Visual Studio Version 16
VisualStudioVersion = 16.0.29324.140
MinimumVisualStudioVersion = 10.0.40219.1
Project("{FAE04EC0-301F-11D3-BF4B-00C04F79EFBC}") = "FuckMTP.ADB", "FuckMTP.ADB\FuckMTP.ADB.csproj", "{A5554E40-6DB0-4261-AD5B-CB883EF75FC2}"
EndProject
Project("{FAE04EC0-301F-11D3-BF4B-00C04F79EFBC}") = "FuckMTP.UI", "FuckMTP.UI\FuckMTP.UI.csproj", "{1090F703-BF95-4E2A-B086-D84A50629011}"
EndProject
Project("{FAE04EC0-301F-11D3-BF4B-00C04F79EFBC}") = "FuckMTP", "FuckMTP.Launcher\FuckMTP.csproj", "{197D1D07-9ECC-4BBB-B761-484BA8BDE9B9}"
EndProject
Project("{FAE04EC0-301F-11D3-BF4B-00C04F79EFBC}") = "FuckMTP.Core", "FuckMTP.Core\FuckMTP.Core.csproj", "{97A9E1DA-3965-4F66-B6E0-18D788DC3133}"
EndProject
Project("{FAE04EC0-301F-11D3-BF4B-00C04F79EFBC}") = "FuckMTP.Core.Contracts", "FuckMTP.Core.Contracts\FuckMTP.Core.Contracts.csproj", "{7B492E14-E854-44F6-A377-88A571152EAC}"
EndProject
Project("{FAE04EC0-301F-11D3-BF4B-00C04F79EFBC}") = "FuckMTP.DeviceConnector.Contracts", "FuckMTP.DeviceConnector.Contracts\FuckMTP.DeviceConnector.Contracts.csproj", "{7E4AFD51-19B7-4AF0-A55A-AD0D844F938F}"
EndProject
Project("{FAE04EC0-301F-11D3-BF4B-00C04F79EFBC}") = "FileSystem", "FileSystem\FileSystem.csproj", "{3AB63EDA-8ABD-4EF7-8A7A-4E6A9A614942}"
EndProject
Project("{FAE04EC0-301F-11D3-BF4B-00C04F79EFBC}") = "FuckMTP.MTPDeviceConnector", "FuckMTP.MTPDeviceConnector\FuckMTP.MTPDeviceConnector.csproj", "{2BF0D1CB-A550-4C86-820E-4298B519AAB9}"
EndProject
Project("{FAE04EC0-301F-11D3-BF4B-00C04F79EFBC}") = "FuckMTP.Core.Tests", "FuckMTP.Core.Tests\FuckMTP.Core.Tests.csproj", "{645F8C51-3193-44EA-9613-B44BE6DB2B56}"
EndProject
Project("{FAE04EC0-301F-11D3-BF4B-00C04F79EFBC}") = "CommonExtensions", "CommonExtensions\CommonExtensions.csproj", "{A3AA3286-D2AD-43E4-B2FF-8C14D0EEFA65}"
EndProject
Global
	GlobalSection(SolutionConfigurationPlatforms) = preSolution
		Debug|Any CPU = Debug|Any CPU
		Debug|x64 = Debug|x64
		Release|Any CPU = Release|Any CPU
		Release|x64 = Release|x64
	EndGlobalSection
	GlobalSection(ProjectConfigurationPlatforms) = postSolution
		{A5554E40-6DB0-4261-AD5B-CB883EF75FC2}.Debug|Any CPU.ActiveCfg = Debug|Any CPU
		{A5554E40-6DB0-4261-AD5B-CB883EF75FC2}.Debug|Any CPU.Build.0 = Debug|Any CPU
		{A5554E40-6DB0-4261-AD5B-CB883EF75FC2}.Debug|x64.ActiveCfg = Debug|x64
		{A5554E40-6DB0-4261-AD5B-CB883EF75FC2}.Debug|x64.Build.0 = Debug|x64
		{A5554E40-6DB0-4261-AD5B-CB883EF75FC2}.Release|Any CPU.ActiveCfg = Release|Any CPU
		{A5554E40-6DB0-4261-AD5B-CB883EF75FC2}.Release|Any CPU.Build.0 = Release|Any CPU
		{A5554E40-6DB0-4261-AD5B-CB883EF75FC2}.Release|x64.ActiveCfg = Release|x64
		{A5554E40-6DB0-4261-AD5B-CB883EF75FC2}.Release|x64.Build.0 = Release|x64
		{1090F703-BF95-4E2A-B086-D84A50629011}.Debug|Any CPU.ActiveCfg = Debug|Any CPU
		{1090F703-BF95-4E2A-B086-D84A50629011}.Debug|Any CPU.Build.0 = Debug|Any CPU
		{1090F703-BF95-4E2A-B086-D84A50629011}.Debug|x64.ActiveCfg = Debug|x64
		{1090F703-BF95-4E2A-B086-D84A50629011}.Debug|x64.Build.0 = Debug|x64
		{1090F703-BF95-4E2A-B086-D84A50629011}.Release|Any CPU.ActiveCfg = Release|Any CPU
		{1090F703-BF95-4E2A-B086-D84A50629011}.Release|Any CPU.Build.0 = Release|Any CPU
		{1090F703-BF95-4E2A-B086-D84A50629011}.Release|x64.ActiveCfg = Release|x64
		{1090F703-BF95-4E2A-B086-D84A50629011}.Release|x64.Build.0 = Release|x64
		{197D1D07-9ECC-4BBB-B761-484BA8BDE9B9}.Debug|Any CPU.ActiveCfg = Debug|Any CPU
		{197D1D07-9ECC-4BBB-B761-484BA8BDE9B9}.Debug|Any CPU.Build.0 = Debug|Any CPU
		{197D1D07-9ECC-4BBB-B761-484BA8BDE9B9}.Debug|x64.ActiveCfg = Debug|Any CPU
		{197D1D07-9ECC-4BBB-B761-484BA8BDE9B9}.Debug|x64.Build.0 = Debug|Any CPU
		{197D1D07-9ECC-4BBB-B761-484BA8BDE9B9}.Release|Any CPU.ActiveCfg = Release|Any CPU
		{197D1D07-9ECC-4BBB-B761-484BA8BDE9B9}.Release|Any CPU.Build.0 = Release|Any CPU
		{197D1D07-9ECC-4BBB-B761-484BA8BDE9B9}.Release|x64.ActiveCfg = Release|Any CPU
		{197D1D07-9ECC-4BBB-B761-484BA8BDE9B9}.Release|x64.Build.0 = Release|Any CPU
		{97A9E1DA-3965-4F66-B6E0-18D788DC3133}.Debug|Any CPU.ActiveCfg = Debug|Any CPU
		{97A9E1DA-3965-4F66-B6E0-18D788DC3133}.Debug|Any CPU.Build.0 = Debug|Any CPU
		{97A9E1DA-3965-4F66-B6E0-18D788DC3133}.Debug|x64.ActiveCfg = Debug|Any CPU
		{97A9E1DA-3965-4F66-B6E0-18D788DC3133}.Debug|x64.Build.0 = Debug|Any CPU
		{97A9E1DA-3965-4F66-B6E0-18D788DC3133}.Release|Any CPU.ActiveCfg = Release|Any CPU
		{97A9E1DA-3965-4F66-B6E0-18D788DC3133}.Release|Any CPU.Build.0 = Release|Any CPU
		{97A9E1DA-3965-4F66-B6E0-18D788DC3133}.Release|x64.ActiveCfg = Release|Any CPU
		{97A9E1DA-3965-4F66-B6E0-18D788DC3133}.Release|x64.Build.0 = Release|Any CPU
		{7B492E14-E854-44F6-A377-88A571152EAC}.Debug|Any CPU.ActiveCfg = Debug|Any CPU
		{7B492E14-E854-44F6-A377-88A571152EAC}.Debug|Any CPU.Build.0 = Debug|Any CPU
		{7B492E14-E854-44F6-A377-88A571152EAC}.Debug|x64.ActiveCfg = Debug|Any CPU
		{7B492E14-E854-44F6-A377-88A571152EAC}.Debug|x64.Build.0 = Debug|Any CPU
		{7B492E14-E854-44F6-A377-88A571152EAC}.Release|Any CPU.ActiveCfg = Release|Any CPU
		{7B492E14-E854-44F6-A377-88A571152EAC}.Release|Any CPU.Build.0 = Release|Any CPU
		{7B492E14-E854-44F6-A377-88A571152EAC}.Release|x64.ActiveCfg = Release|Any CPU
		{7B492E14-E854-44F6-A377-88A571152EAC}.Release|x64.Build.0 = Release|Any CPU
		{7E4AFD51-19B7-4AF0-A55A-AD0D844F938F}.Debug|Any CPU.ActiveCfg = Debug|Any CPU
		{7E4AFD51-19B7-4AF0-A55A-AD0D844F938F}.Debug|Any CPU.Build.0 = Debug|Any CPU
		{7E4AFD51-19B7-4AF0-A55A-AD0D844F938F}.Debug|x64.ActiveCfg = Debug|Any CPU
		{7E4AFD51-19B7-4AF0-A55A-AD0D844F938F}.Debug|x64.Build.0 = Debug|Any CPU
		{7E4AFD51-19B7-4AF0-A55A-AD0D844F938F}.Release|Any CPU.ActiveCfg = Release|Any CPU
		{7E4AFD51-19B7-4AF0-A55A-AD0D844F938F}.Release|Any CPU.Build.0 = Release|Any CPU
		{7E4AFD51-19B7-4AF0-A55A-AD0D844F938F}.Release|x64.ActiveCfg = Release|Any CPU
		{7E4AFD51-19B7-4AF0-A55A-AD0D844F938F}.Release|x64.Build.0 = Release|Any CPU
		{3AB63EDA-8ABD-4EF7-8A7A-4E6A9A614942}.Debug|Any CPU.ActiveCfg = Debug|Any CPU
		{3AB63EDA-8ABD-4EF7-8A7A-4E6A9A614942}.Debug|Any CPU.Build.0 = Debug|Any CPU
		{3AB63EDA-8ABD-4EF7-8A7A-4E6A9A614942}.Debug|x64.ActiveCfg = Debug|Any CPU
		{3AB63EDA-8ABD-4EF7-8A7A-4E6A9A614942}.Debug|x64.Build.0 = Debug|Any CPU
		{3AB63EDA-8ABD-4EF7-8A7A-4E6A9A614942}.Release|Any CPU.ActiveCfg = Release|Any CPU
		{3AB63EDA-8ABD-4EF7-8A7A-4E6A9A614942}.Release|Any CPU.Build.0 = Release|Any CPU
		{3AB63EDA-8ABD-4EF7-8A7A-4E6A9A614942}.Release|x64.ActiveCfg = Release|Any CPU
		{3AB63EDA-8ABD-4EF7-8A7A-4E6A9A614942}.Release|x64.Build.0 = Release|Any CPU
		{2BF0D1CB-A550-4C86-820E-4298B519AAB9}.Debug|Any CPU.ActiveCfg = Debug|Any CPU
		{2BF0D1CB-A550-4C86-820E-4298B519AAB9}.Debug|Any CPU.Build.0 = Debug|Any CPU
		{2BF0D1CB-A550-4C86-820E-4298B519AAB9}.Debug|x64.ActiveCfg = Debug|Any CPU
		{2BF0D1CB-A550-4C86-820E-4298B519AAB9}.Debug|x64.Build.0 = Debug|Any CPU
		{2BF0D1CB-A550-4C86-820E-4298B519AAB9}.Release|Any CPU.ActiveCfg = Release|Any CPU
		{2BF0D1CB-A550-4C86-820E-4298B519AAB9}.Release|Any CPU.Build.0 = Release|Any CPU
		{2BF0D1CB-A550-4C86-820E-4298B519AAB9}.Release|x64.ActiveCfg = Release|Any CPU
		{2BF0D1CB-A550-4C86-820E-4298B519AAB9}.Release|x64.Build.0 = Release|Any CPU
		{645F8C51-3193-44EA-9613-B44BE6DB2B56}.Debug|Any CPU.ActiveCfg = Debug|Any CPU
		{645F8C51-3193-44EA-9613-B44BE6DB2B56}.Debug|Any CPU.Build.0 = Debug|Any CPU
		{645F8C51-3193-44EA-9613-B44BE6DB2B56}.Debug|x64.ActiveCfg = Debug|Any CPU
		{645F8C51-3193-44EA-9613-B44BE6DB2B56}.Debug|x64.Build.0 = Debug|Any CPU
		{645F8C51-3193-44EA-9613-B44BE6DB2B56}.Release|Any CPU.ActiveCfg = Release|Any CPU
		{645F8C51-3193-44EA-9613-B44BE6DB2B56}.Release|Any CPU.Build.0 = Release|Any CPU
		{645F8C51-3193-44EA-9613-B44BE6DB2B56}.Release|x64.ActiveCfg = Release|Any CPU
		{645F8C51-3193-44EA-9613-B44BE6DB2B56}.Release|x64.Build.0 = Release|Any CPU
		{A3AA3286-D2AD-43E4-B2FF-8C14D0EEFA65}.Debug|Any CPU.ActiveCfg = Debug|Any CPU
		{A3AA3286-D2AD-43E4-B2FF-8C14D0EEFA65}.Debug|Any CPU.Build.0 = Debug|Any CPU
		{A3AA3286-D2AD-43E4-B2FF-8C14D0EEFA65}.Debug|x64.ActiveCfg = Debug|Any CPU
		{A3AA3286-D2AD-43E4-B2FF-8C14D0EEFA65}.Debug|x64.Build.0 = Debug|Any CPU
		{A3AA3286-D2AD-43E4-B2FF-8C14D0EEFA65}.Release|Any CPU.ActiveCfg = Release|Any CPU
		{A3AA3286-D2AD-43E4-B2FF-8C14D0EEFA65}.Release|Any CPU.Build.0 = Release|Any CPU
		{A3AA3286-D2AD-43E4-B2FF-8C14D0EEFA65}.Release|x64.ActiveCfg = Release|Any CPU
		{A3AA3286-D2AD-43E4-B2FF-8C14D0EEFA65}.Release|x64.Build.0 = Release|Any CPU
	EndGlobalSection
	GlobalSection(SolutionProperties) = preSolution
		HideSolutionNode = FALSE
	EndGlobalSection
	GlobalSection(ExtensibilityGlobals) = postSolution
		SolutionGuid = {6773D0C5-90D7-44D1-BD54-AB738BCF38B7}
	EndGlobalSection
EndGlobal
